
Microsoft Visual Studio Solution File, Format Version 12.00
# Visual Studio Version 16
VisualStudioVersion = 16.0.30907.101
MinimumVisualStudioVersion = 10.0.40219.1
Project("{9A19103F-16F7-4668-BE54-9A1E7A4F7556}") = "BooksWeb", "BooksWebAPI\BooksWeb.csproj", "{1617B357-CDDF-4943-85D7-954802F5B3E6}"
EndProject
Project("{9A19103F-16F7-4668-BE54-9A1E7A4F7556}") = "Data", "Data\Data.csproj", "{7C7871EE-4D74-4C86-8A7E-C8C51F702617}"
EndProject
Project("{9A19103F-16F7-4668-BE54-9A1E7A4F7556}") = "Application", "Application\Application.csproj", "{891D014A-F439-465E-8543-8D33154135A9}"
EndProject
Global
	GlobalSection(SolutionConfigurationPlatforms) = preSolution
		Debug|Any CPU = Debug|Any CPU
		Release|Any CPU = Release|Any CPU
	EndGlobalSection
	GlobalSection(ProjectConfigurationPlatforms) = postSolution
		{1617B357-CDDF-4943-85D7-954802F5B3E6}.Debug|Any CPU.ActiveCfg = Debug|Any CPU
		{1617B357-CDDF-4943-85D7-954802F5B3E6}.Debug|Any CPU.Build.0 = Debug|Any CPU
		{1617B357-CDDF-4943-85D7-954802F5B3E6}.Release|Any CPU.ActiveCfg = Release|Any CPU
		{1617B357-CDDF-4943-85D7-954802F5B3E6}.Release|Any CPU.Build.0 = Release|Any CPU
		{7C7871EE-4D74-4C86-8A7E-C8C51F702617}.Debug|Any CPU.ActiveCfg = Debug|Any CPU
		{7C7871EE-4D74-4C86-8A7E-C8C51F702617}.Debug|Any CPU.Build.0 = Debug|Any CPU
		{7C7871EE-4D74-4C86-8A7E-C8C51F702617}.Release|Any CPU.ActiveCfg = Release|Any CPU
		{7C7871EE-4D74-4C86-8A7E-C8C51F702617}.Release|Any CPU.Build.0 = Release|Any CPU
		{891D014A-F439-465E-8543-8D33154135A9}.Debug|Any CPU.ActiveCfg = Debug|Any CPU
		{891D014A-F439-465E-8543-8D33154135A9}.Debug|Any CPU.Build.0 = Debug|Any CPU
		{891D014A-F439-465E-8543-8D33154135A9}.Release|Any CPU.ActiveCfg = Release|Any CPU
		{891D014A-F439-465E-8543-8D33154135A9}.Release|Any CPU.Build.0 = Release|Any CPU
	EndGlobalSection
	GlobalSection(SolutionProperties) = preSolution
		HideSolutionNode = FALSE
	EndGlobalSection
	GlobalSection(ExtensibilityGlobals) = postSolution
		SolutionGuid = {23575D28-EC8F-4467-A1D0-7FA8EC1D4A6B}
	EndGlobalSection
EndGlobal
